Microsoft Visual Studio Solution File, Format Version 11.00
# Visual Studio 2008

Project("{06E23617-7BC3-2D97-1236-97C0EDEADAA9}") = "Computing Coursework Version 8 Player Movement & Directions", "Assembly-CSharp.csproj", "{429BF490-CA64-0B27-5917-E7C13AFE1142}"
EndProject
Global
	GlobalSection(SolutionConfigurationPlatforms) = preSolution
		Debug|Any CPU = Debug|Any CPU
		Release|Any CPU = Release|Any CPU
	EndGlobalSection
	GlobalSection(ProjectConfigurationPlatforms) = postSolution
		{429BF490-CA64-0B27-5917-E7C13AFE1142}.Debug|Any CPU.ActiveCfg = Debug|Any CPU
		{429BF490-CA64-0B27-5917-E7C13AFE1142}.Debug|Any CPU.Build.0 = Debug|Any CPU
		{429BF490-CA64-0B27-5917-E7C13AFE1142}.Release|Any CPU.ActiveCfg = Release|Any CPU
		{429BF490-CA64-0B27-5917-E7C13AFE1142}.Release|Any CPU.Build.0 = Release|Any CPU
	EndGlobalSection
	GlobalSection(SolutionProperties) = preSolution
		HideSolutionNode = FALSE
	EndGlobalSection
	GlobalSection(MonoDevelopProperties) = preSolution
		StartupItem = Assembly-CSharp.csproj
	EndGlobalSection
EndGlobal
