Microsoft Visual Studio Solution File, Format Version 11.00
# Visual Studio 2008

Project("{3604D47E-8755-4438-D01E-83D13B198F46}") = "Computing Coursework Version 5", "Assembly-CSharp.csproj", "{24196126-D747-5AE3-B188-5DCF5E32091F}"
EndProject
Global
	GlobalSection(SolutionConfigurationPlatforms) = preSolution
		Debug|Any CPU = Debug|Any CPU
		Release|Any CPU = Release|Any CPU
	EndGlobalSection
	GlobalSection(ProjectConfigurationPlatforms) = postSolution
		{24196126-D747-5AE3-B188-5DCF5E32091F}.Debug|Any CPU.ActiveCfg = Debug|Any CPU
		{24196126-D747-5AE3-B188-5DCF5E32091F}.Debug|Any CPU.Build.0 = Debug|Any CPU
		{24196126-D747-5AE3-B188-5DCF5E32091F}.Release|Any CPU.ActiveCfg = Release|Any CPU
		{24196126-D747-5AE3-B188-5DCF5E32091F}.Release|Any CPU.Build.0 = Release|Any CPU
	EndGlobalSection
	GlobalSection(SolutionProperties) = preSolution
		HideSolutionNode = FALSE
	EndGlobalSection
	GlobalSection(MonoDevelopProperties) = preSolution
		StartupItem = Assembly-CSharp.csproj
	EndGlobalSection
EndGlobal
